
Microsoft Visual Studio Solution File, Format Version 12.00
# Visual Studio Version 17
VisualStudioVersion = 17.0.31903.59
MinimumVisualStudioVersion = 10.0.40219.1
Project("{2150E333-8FDC-42A3-9474-1A3956D46DE8}") = "src", "src", "{E1CC13A8-F0D2-4D17-9DFE-2EFAA48CAA97}"
EndProject
Project("{FAE04EC0-301F-11D3-BF4B-00C04F79EFBC}") = "MYPortAssistant", "src\MYPortAssistant\MYPortAssistant.csproj", "{175496FD-7F51-4F6A-BF11-F3A0C6529ABF}"
EndProject
Global
	GlobalSection(SolutionConfigurationPlatforms) = preSolution
		Debug|Any CPU = Debug|Any CPU
		Release|Any CPU = Release|Any CPU
	EndGlobalSection
	GlobalSection(SolutionProperties) = preSolution
		HideSolutionNode = FALSE
	EndGlobalSection
	GlobalSection(ProjectConfigurationPlatforms) = postSolution
		{175496FD-7F51-4F6A-BF11-F3A0C6529ABF}.Debug|Any CPU.ActiveCfg = Debug|Any CPU
		{175496FD-7F51-4F6A-BF11-F3A0C6529ABF}.Debug|Any CPU.Build.0 = Debug|Any CPU
		{175496FD-7F51-4F6A-BF11-F3A0C6529ABF}.Release|Any CPU.ActiveCfg = Release|Any CPU
		{175496FD-7F51-4F6A-BF11-F3A0C6529ABF}.Release|Any CPU.Build.0 = Release|Any CPU
	EndGlobalSection
	GlobalSection(NestedProjects) = preSolution
		{175496FD-7F51-4F6A-BF11-F3A0C6529ABF} = {E1CC13A8-F0D2-4D17-9DFE-2EFAA48CAA97}
	EndGlobalSection
EndGlobal
